
Microsoft Visual Studio Solution File, Format Version 12.00
# Visual Studio Version 16
VisualStudioVersion = 16.0.30711.63
MinimumVisualStudioVersion = 10.0.40219.1
Project("{9A19103F-16F7-4668-BE54-9A1E7A4F7556}") = "PruebaUnitaria", "PruebaUnitaria.csproj", "{A38C3C52-9C16-40FC-98C2-37662C1B4821}"
EndProject
Project("{FAE04EC0-301F-11D3-BF4B-00C04F79EFBC}") = "AuthTest", "..\AuthTest\AuthTest.csproj", "{20B261F4-0955-4173-B9BA-0DC3B8906E06}"
EndProject
Global
	GlobalSection(SolutionConfigurationPlatforms) = preSolution
		Debug|Any CPU = Debug|Any CPU
		Release|Any CPU = Release|Any CPU
	EndGlobalSection
	GlobalSection(ProjectConfigurationPlatforms) = postSolution
		{A38C3C52-9C16-40FC-98C2-37662C1B4821}.Debug|Any CPU.ActiveCfg = Debug|Any CPU
		{A38C3C52-9C16-40FC-98C2-37662C1B4821}.Debug|Any CPU.Build.0 = Debug|Any CPU
		{A38C3C52-9C16-40FC-98C2-37662C1B4821}.Release|Any CPU.ActiveCfg = Release|Any CPU
		{A38C3C52-9C16-40FC-98C2-37662C1B4821}.Release|Any CPU.Build.0 = Release|Any CPU
		{20B261F4-0955-4173-B9BA-0DC3B8906E06}.Debug|Any CPU.ActiveCfg = Debug|Any CPU
		{20B261F4-0955-4173-B9BA-0DC3B8906E06}.Debug|Any CPU.Build.0 = Debug|Any CPU
		{20B261F4-0955-4173-B9BA-0DC3B8906E06}.Release|Any CPU.ActiveCfg = Release|Any CPU
		{20B261F4-0955-4173-B9BA-0DC3B8906E06}.Release|Any CPU.Build.0 = Release|Any CPU
	EndGlobalSection
	GlobalSection(SolutionProperties) = preSolution
		HideSolutionNode = FALSE
	EndGlobalSection
	GlobalSection(ExtensibilityGlobals) = postSolution
		SolutionGuid = {09A3D9B0-60A3-4DC0-8B13-C8F817F94257}
	EndGlobalSection
EndGlobal
